
Microsoft Visual Studio Solution File, Format Version 12.00
# Visual Studio 14
VisualStudioVersion = 14.0.25420.1
MinimumVisualStudioVersion = 10.0.40219.1
Project("{FAE04EC0-301F-11D3-BF4B-00C04F79EFBC}") = "CCT.Infrastructure", "CCT.Infrastructure\CCT.Infrastructure.csproj", "{D2115969-3CBA-48C6-9F6E-67BA6E46B359}"
EndProject
Project("{FAE04EC0-301F-11D3-BF4B-00C04F79EFBC}") = "CCT.Web.API", "CCT.Web.API\CCT.Web.API.csproj", "{B93A156A-544A-4870-82B7-55026183D27F}"
EndProject
Project("{FAE04EC0-301F-11D3-BF4B-00C04F79EFBC}") = "CCT.Web.UI", "CCT.Web.UI\CCT.Web.UI.csproj", "{DF006F0C-434D-40A3-8C96-500A10ABCDE9}"
EndProject
Project("{FAE04EC0-301F-11D3-BF4B-00C04F79EFBC}") = "CCT.Domain", "CCT.Domain\CCT.Domain.csproj", "{D4102F67-4EAB-463B-BF7B-399168505407}"
EndProject
Project("{FAE04EC0-301F-11D3-BF4B-00C04F79EFBC}") = "CCT.CryptoLib", "CCT.CryptoLib\CCT.CryptoLib.csproj", "{67F9A622-48BA-4EE0-BA68-660A55E6D66C}"
EndProject
Project("{FAE04EC0-301F-11D3-BF4B-00C04F79EFBC}") = "CCT.CryptoLibTest", "CCT.CryptoLibTest\CCT.CryptoLibTest.csproj", "{C326C7B7-BB1C-44F2-B353-1BE67CCF356B}"
EndProject
Global
	GlobalSection(SolutionConfigurationPlatforms) = preSolution
		Debug|Any CPU = Debug|Any CPU
		Release|Any CPU = Release|Any CPU
	EndGlobalSection
	GlobalSection(ProjectConfigurationPlatforms) = postSolution
		{D2115969-3CBA-48C6-9F6E-67BA6E46B359}.Debug|Any CPU.ActiveCfg = Debug|Any CPU
		{D2115969-3CBA-48C6-9F6E-67BA6E46B359}.Debug|Any CPU.Build.0 = Debug|Any CPU
		{D2115969-3CBA-48C6-9F6E-67BA6E46B359}.Release|Any CPU.ActiveCfg = Release|Any CPU
		{D2115969-3CBA-48C6-9F6E-67BA6E46B359}.Release|Any CPU.Build.0 = Release|Any CPU
		{B93A156A-544A-4870-82B7-55026183D27F}.Debug|Any CPU.ActiveCfg = Debug|Any CPU
		{B93A156A-544A-4870-82B7-55026183D27F}.Debug|Any CPU.Build.0 = Debug|Any CPU
		{B93A156A-544A-4870-82B7-55026183D27F}.Release|Any CPU.ActiveCfg = Release|Any CPU
		{B93A156A-544A-4870-82B7-55026183D27F}.Release|Any CPU.Build.0 = Release|Any CPU
		{DF006F0C-434D-40A3-8C96-500A10ABCDE9}.Debug|Any CPU.ActiveCfg = Debug|Any CPU
		{DF006F0C-434D-40A3-8C96-500A10ABCDE9}.Debug|Any CPU.Build.0 = Debug|Any CPU
		{DF006F0C-434D-40A3-8C96-500A10ABCDE9}.Release|Any CPU.ActiveCfg = Release|Any CPU
		{DF006F0C-434D-40A3-8C96-500A10ABCDE9}.Release|Any CPU.Build.0 = Release|Any CPU
		{D4102F67-4EAB-463B-BF7B-399168505407}.Debug|Any CPU.ActiveCfg = Debug|Any CPU
		{D4102F67-4EAB-463B-BF7B-399168505407}.Debug|Any CPU.Build.0 = Debug|Any CPU
		{D4102F67-4EAB-463B-BF7B-399168505407}.Release|Any CPU.ActiveCfg = Release|Any CPU
		{D4102F67-4EAB-463B-BF7B-399168505407}.Release|Any CPU.Build.0 = Release|Any CPU
		{67F9A622-48BA-4EE0-BA68-660A55E6D66C}.Debug|Any CPU.ActiveCfg = Debug|Any CPU
		{67F9A622-48BA-4EE0-BA68-660A55E6D66C}.Debug|Any CPU.Build.0 = Debug|Any CPU
		{67F9A622-48BA-4EE0-BA68-660A55E6D66C}.Release|Any CPU.ActiveCfg = Release|Any CPU
		{67F9A622-48BA-4EE0-BA68-660A55E6D66C}.Release|Any CPU.Build.0 = Release|Any CPU
		{C326C7B7-BB1C-44F2-B353-1BE67CCF356B}.Debug|Any CPU.ActiveCfg = Debug|Any CPU
		{C326C7B7-BB1C-44F2-B353-1BE67CCF356B}.Debug|Any CPU.Build.0 = Debug|Any CPU
		{C326C7B7-BB1C-44F2-B353-1BE67CCF356B}.Release|Any CPU.ActiveCfg = Release|Any CPU
		{C326C7B7-BB1C-44F2-B353-1BE67CCF356B}.Release|Any CPU.Build.0 = Release|Any CPU
	EndGlobalSection
	GlobalSection(SolutionProperties) = preSolution
		HideSolutionNode = FALSE
	EndGlobalSection
EndGlobal
